// !$*UTF8*$!
{
	archiveVersion = 1;
	classes = {
	};
	objectVersion = 56;
	objects = {

/* Begin PBXBuildFile section */
		042EEB6829CEC78E0076C1DB /* AppDelegate.swift in Sources */ = {isa = PBXBuildFile; fileRef = 042EEB6729CEC78E0076C1DB /* AppDelegate.swift */; };
		042EEB6A29CEC78E0076C1DB /* SceneDelegate.swift in Sources */ = {isa = PBXBuildFile; fileRef = 042EEB6929CEC78E0076C1DB /* SceneDelegate.swift */; };
		042EEB6C29CEC78E0076C1DB /* ViewController.swift in Sources */ = {isa = PBXBuildFile; fileRef = 042EEB6B29CEC78E0076C1DB /* ViewController.swift */; };
		042EEB6F29CEC78E0076C1DB /* Main.storyboard in Resources */ = {isa = PBXBuildFile; fileRef = 042EEB6D29CEC78E0076C1DB /* Main.storyboard */; };
		042EEB7129CEC78F0076C1DB /* Assets.xcassets in Resources */ = {isa = PBXBuildFile; fileRef = 042EEB7029CEC78F0076C1DB /* Assets.xcassets */; };
		042EEB7429CEC78F0076C1DB /* LaunchScreen.storyboard in Resources */ = {isa = PBXBuildFile; fileRef = 042EEB7229CEC78F0076C1DB /* LaunchScreen.storyboard */; };
		045F67CA29D107F50027AC54 /* SnapKit in Frameworks */ = {isa = PBXBuildFile; productRef = 045F67C929D107F50027AC54 /* SnapKit */; };
		045F67CC29D1084D0027AC54 /* Model.swift in Sources */ = {isa = PBXBuildFile; fileRef = 045F67CB29D1084D0027AC54 /* Model.swift */; };
		045F67CE29D109AC0027AC54 /* CollectionViewCell.swift in Sources */ = {isa = PBXBuildFile; fileRef = 045F67CD29D109AC0027AC54 /* CollectionViewCell.swift */; };
/* End PBXBuildFile section */

/* Begin PBXFileReference section */
		042EEB6429CEC78E0076C1DB /* Appstore.app */ = {isa = PBXFileReference; explicitFileType = wrapper.application; includeInIndex = 0; path = Appstore.app; sourceTree = BUILT_PRODUCTS_DIR; };
		042EEB6729CEC78E0076C1DB /* AppDelegate.swift */ = {isa = PBXFileReference; lastKnownFileType = sourcecode.swift; path = AppDelegate.swift; sourceTree = "<group>"; };
		042EEB6929CEC78E0076C1DB /* SceneDelegate.swift */ = {isa = PBXFileReference; lastKnownFileType = sourcecode.swift; path = SceneDelegate.swift; sourceTree = "<group>"; };
		042EEB6B29CEC78E0076C1DB /* ViewController.swift */ = {isa = PBXFileReference; lastKnownFileType = sourcecode.swift; path = ViewController.swift; sourceTree = "<group>"; };
		042EEB6E29CEC78E0076C1DB /* Base */ = {isa = PBXFileReference; lastKnownFileType = file.storyboard; name = Base; path = Base.lproj/Main.storyboard; sourceTree = "<group>"; };
		042EEB7029CEC78F0076C1DB /* Assets.xcassets */ = {isa = PBXFileReference; lastKnownFileType = folder.assetcatalog; path = Assets.xcassets; sourceTree = "<group>"; };
		042EEB7329CEC78F0076C1DB /* Base */ = {isa = PBXFileReference; lastKnownFileType = file.storyboard; name = Base; path = Base.lproj/LaunchScreen.storyboard; sourceTree = "<group>"; };
		042EEB7529CEC78F0076C1DB /* Info.plist */ = {isa = PBXFileReference; lastKnownFileType = text.plist.xml; path = Info.plist; sourceTree = "<group>"; };
		045F67CB29D1084D0027AC54 /* Model.swift */ = {isa = PBXFileReference; lastKnownFileType = sourcecode.swift; path = Model.swift; sourceTree = "<group>"; };
		045F67CD29D109AC0027AC54 /* CollectionViewCell.swift */ = {isa = PBXFileReference; lastKnownFileType = sourcecode.swift; path = CollectionViewCell.swift; sourceTree = "<group>"; };
/* End PBXFileReference section */

/* Begin PBXFrameworksBuildPhase section */
		042EEB6129CEC78E0076C1DB /* Frameworks */ = {
			isa = PBXFrameworksBuildPhase;
			buildActionMask = 2147483647;
			files = (
				045F67CA29D107F50027AC54 /* SnapKit in Frameworks */,
			);
			runOnlyForDeploymentPostprocessing = 0;
		};
/* End PBXFrameworksBuildPhase section */

/* Begin PBXGroup section */
		042EEB5B29CEC78E0076C1DB = {
			isa = PBXGroup;
			children = (
				042EEB6629CEC78E0076C1DB /* Appstore */,
				042EEB6529CEC78E0076C1DB /* Products */,
			);
			sourceTree = "<group>";
		};
		042EEB6529CEC78E0076C1DB /* Products */ = {
			isa = PBXGroup;
			children = (
				042EEB6429CEC78E0076C1DB /* Appstore.app */,
			);
			name = Products;
			sourceTree = "<group>";
		};
		042EEB6629CEC78E0076C1DB /* Appstore */ = {
			isa = PBXGroup;
			children = (
				042EEB6729CEC78E0076C1DB /* AppDelegate.swift */,
				042EEB6929CEC78E0076C1DB /* SceneDelegate.swift */,
				042EEB6B29CEC78E0076C1DB /* ViewController.swift */,
				045F67CD29D109AC0027AC54 /* CollectionViewCell.swift */,
				045F67CB29D1084D0027AC54 /* Model.swift */,
				042EEB6D29CEC78E0076C1DB /* Main.storyboard */,
				042EEB7029CEC78F0076C1DB /* Assets.xcassets */,
				042EEB7229CEC78F0076C1DB /* LaunchScreen.storyboard */,
				042EEB7529CEC78F0076C1DB /* Info.plist */,
			);
			path = Appstore;
			sourceTree = "<group>";
		};
/* End PBXGroup section */

/* Begin PBXNativeTarget section */
		042EEB6329CEC78E0076C1DB /* Appstore */ = {
			isa = PBXNativeTarget;
			buildConfigurationList = 042EEB7829CEC78F0076C1DB /* Build configuration list for PBXNativeTarget "Appstore" */;
			buildPhases = (
				042EEB6029CEC78E0076C1DB /* Sources */,
				042EEB6129CEC78E0076C1DB /* Frameworks */,
				042EEB6229CEC78E0076C1DB /* Resources */,
			);
			buildRules = (
			);
			dependencies = (
			);
			name = Appstore;
			packageProductDependencies = (
				045F67C929D107F50027AC54 /* SnapKit */,
			);
			productName = Appstore;
			productReference = 042EEB6429CEC78E0076C1DB /* Appstore.app */;
			productType = "com.apple.product-type.application";
		};
/* End PBXNativeTarget section */

/* Begin PBXProject section */
		042EEB5C29CEC78E0076C1DB /* Project object */ = {
			isa = PBXProject;
			attributes = {
				BuildIndependentTargetsInParallel = 1;
				LastSwiftUpdateCheck = 1420;
				LastUpgradeCheck = 1420;
				TargetAttributes = {
					042EEB6329CEC78E0076C1DB = {
						CreatedOnToolsVersion = 14.2;
					};
				};
			};
			buildConfigurationList = 042EEB5F29CEC78E0076C1DB /* Build configuration list for PBXProject "Appstore" */;
			compatibilityVersion = "Xcode 14.0";
			developmentRegion = en;
			hasScannedForEncodings = 0;
			knownRegions = (
				en,
				Base,
			);
			mainGroup = 042EEB5B29CEC78E0076C1DB;
			packageReferences = (
				045F67C829D107F50027AC54 /* XCRemoteSwiftPackageReference "SnapKit" */,
			);
			productRefGroup = 042EEB6529CEC78E0076C1DB /* Products */;
			projectDirPath = "";
			projectRoot = "";
			targets = (
				042EEB6329CEC78E0076C1DB /* Appstore */,
			);
		};
/* End PBXProject section */

/* Begin PBXResourcesBuildPhase section */
		042EEB6229CEC78E0076C1DB /* Resources */ = {
			isa = PBXResourcesBuildPhase;
			buildActionMask = 2147483647;
			files = (
				042EEB7429CEC78F0076C1DB /* LaunchScreen.storyboard in Resources */,
				042EEB7129CEC78F0076C1DB /* Assets.xcassets in Resources */,
				042EEB6F29CEC78E0076C1DB /* Main.storyboard in Resources */,
			);
			runOnlyForDeploymentPostprocessing = 0;
		};
/* End PBXResourcesBuildPhase section */

/* Begin PBXSourcesBuildPhase section */
		042EEB6029CEC78E0076C1DB /* Sources */ = {
			isa = PBXSourcesBuildPhase;
			buildActionMask = 2147483647;
			files = (
				045F67CE29D109AC0027AC54 /* CollectionViewCell.swift in Sources */,
				042EEB6C29CEC78E0076C1DB /* ViewController.swift in Sources */,
				042EEB6829CEC78E0076C1DB /* AppDelegate.swift in Sources */,
				042EEB6A29CEC78E0076C1DB /* SceneDelegate.swift in Sources */,
				045F67CC29D1084D0027AC54 /* Model.swift in Sources */,
			);
			runOnlyForDeploymentPostprocessing = 0;
		};
/* End PBXSourcesBuildPhase section */

/* Begin PBXVariantGroup section */
		042EEB6D29CEC78E0076C1DB /* Main.storyboard */ = {
			isa = PBXVariantGroup;
			children = (
				042EEB6E29CEC78E0076C1DB /* Base */,
			);
			name = Main.storyboard;
			sourceTree = "<group>";
		};
		042EEB7229CEC78F0076C1DB /* LaunchScreen.storyboard */ = {
			isa = PBXVariantGroup;
			children = (
				042EEB7329CEC78F0076C1DB /* Base */,
			);
			name = LaunchScreen.storyboard;
			sourceTree = "<group>";
		};
/* End PBXVariantGroup section */

/* Begin XCBuildConfiguration section */
		042EEB7629CEC78F0076C1DB /* Debug */ = {
			isa = XCBuildConfiguration;
			buildSettings = {
				ALWAYS_SEARCH_USER_PATHS = NO;
				CLANG_ANALYZER_NONNULL = YES;
				CLANG_ANALYZER_NUMBER_OBJECT_CONVERSION = YES_AGGRESSIVE;
				CLANG_CXX_LANGUAGE_STANDARD = "gnu++20";
				CLANG_ENABLE_MODULES = YES;
				CLANG_ENABLE_OBJC_ARC = YES;
				CLANG_ENABLE_OBJC_WEAK = YES;
				CLANG_WARN_BLOCK_CAPTURE_AUTORELEASING = YES;
				CLANG_WARN_BOOL_CONVERSION = YES;
				CLANG_WARN_COMMA = YES;
				CLANG_WARN_CONSTANT_CONVERSION = YES;
				CLANG_WARN_DEPRECATED_OBJC_IMPLEMENTATIONS = YES;
				CLANG_WARN_DIRECT_OBJC_ISA_USAGE = YES_ERROR;
				CLANG_WARN_DOCUMENTATION_COMMENTS = YES;
				CLANG_WARN_EMPTY_BODY = YES;
				CLANG_WARN_ENUM_CONVERSION = YES;
				CLANG_WARN_INFINITE_RECURSION = YES;
				CLANG_WARN_INT_CONVERSION = YES;
				CLANG_WARN_NON_LITERAL_NULL_CONVERSION = YES;
				CLANG_WARN_OBJC_IMPLICIT_RETAIN_SELF = YES;
				CLANG_WARN_OBJC_LITERAL_CONVERSION = YES;
				CLANG_WARN_OBJC_ROOT_CLASS = YES_ERROR;
				CLANG_WARN_QUOTED_INCLUDE_IN_FRAMEWORK_HEADER = YES;
				CLANG_WARN_RANGE_LOOP_ANALYSIS = YES;
				CLANG_WARN_STRICT_PROTOTYPES = YES;
				CLANG_WARN_SUSPICIOUS_MOVE = YES;
				CLANG_WARN_UNGUARDED_AVAILABILITY = YES_AGGRESSIVE;
				CLANG_WARN_UNREACHABLE_CODE = YES;
				CLANG_WARN__DUPLICATE_METHOD_MATCH = YES;
				COPY_PHASE_STRIP = NO;
				DEBUG_INFORMATION_FORMAT = dwarf;
				ENABLE_STRICT_OBJC_MSGSEND = YES;
				ENABLE_TESTABILITY = YES;
				GCC_C_LANGUAGE_STANDARD = gnu11;
				GCC_DYNAMIC_NO_PIC = NO;
				GCC_NO_COMMON_BLOCKS = YES;
				GCC_OPTIMIZATION_LEVEL = 0;
				GCC_PREPROCESSOR_DEFINITIONS = (
					"DEBUG=1",
					"$(inherited)",
				);
				GCC_WARN_64_TO_32_BIT_CONVERSION = YES;
				GCC_WARN_ABOUT_RETURN_TYPE = YES_ERROR;
				GCC_WARN_UNDECLARED_SELECTOR = YES;
				GCC_WARN_UNINITIALIZED_AUTOS = YES_AGGRESSIVE;
				GCC_WARN_UNUSED_FUNCTION = YES;
				GCC_WARN_UNUSED_VARIABLE = YES;
				IPHONEOS_DEPLOYMENT_TARGET = 16.2;
				MTL_ENABLE_DEBUG_INFO = INCLUDE_SOURCE;
				MTL_FAST_MATH = YES;
				ONLY_ACTIVE_ARCH = YES;
				SDKROOT = iphoneos;
				SWIFT_ACTIVE_COMPILATION_CONDITIONS = DEBUG;
				SWIFT_OPTIMIZATION_LEVEL = "-Onone";
			};
			name = Debug;
		};
		042EEB7729CEC78F0076C1DB /* Release */ = {
			isa = XCBuildConfiguration;
			buildSettings = {
				ALWAYS_SEARCH_USER_PATHS = NO;
				CLANG_ANALYZER_NONNULL = YES;
				CLANG_ANALYZER_NUMBER_OBJECT_CONVERSION = YES_AGGRESSIVE;
				CLANG_CXX_LANGUAGE_STANDARD = "gnu++20";
				CLANG_ENABLE_MODULES = YES;
				CLANG_ENABLE_OBJC_ARC = YES;
				CLANG_ENABLE_OBJC_WEAK = YES;
				CLANG_WARN_BLOCK_CAPTURE_AUTORELEASING = YES;
				CLANG_WARN_BOOL_CONVERSION = YES;
				CLANG_WARN_COMMA = YES;
				CLANG_WARN_CONSTANT_CONVERSION = YES;
				CLANG_WARN_DEPRECATED_OBJC_IMPLEMENTATIONS = YES;
				CLANG_WARN_DIRECT_OBJC_ISA_USAGE = YES_ERROR;
				CLANG_WARN_DOCUMENTATION_COMMENTS = YES;
				CLANG_WARN_EMPTY_BODY = YES;
				CLANG_WARN_ENUM_CONVERSION = YES;
				CLANG_WARN_INFINITE_RECURSION = YES;
				CLANG_WARN_INT_CONVERSION = YES;
				CLANG_WARN_NON_LITERAL_NULL_CONVERSION = YES;
				CLANG_WARN_OBJC_IMPLICIT_RETAIN_SELF = YES;
				CLANG_WARN_OBJC_LITERAL_CONVERSION = YES;
				CLANG_WARN_OBJC_ROOT_CLASS = YES_ERROR;
				CLANG_WARN_QUOTED_INCLUDE_IN_FRAMEWORK_HEADER = YES;
				CLANG_WARN_RANGE_LOOP_ANALYSIS = YES;
				CLANG_WARN_STRICT_PROTOTYPES = YES;
				CLANG_WARN_SUSPICIOUS_MOVE = YES;
				CLANG_WARN_UNGUARDED_AVAILABILITY = YES_AGGRESSIVE;
				CLANG_WARN_UNREACHABLE_CODE = YES;
				CLANG_WARN__DUPLICATE_METHOD_MATCH = YES;
				COPY_PHASE_STRIP = NO;
				DEBUG_INFORMATION_FORMAT = "dwarf-with-dsym";
				ENABLE_NS_ASSERTIONS = NO;
				ENABLE_STRICT_OBJC_MSGSEND = YES;
				GCC_C_LANGUAGE_STANDARD = gnu11;
				GCC_NO_COMMON_BLOCKS = YES;
				GCC_WARN_64_TO_32_BIT_CONVERSION = YES;
				GCC_WARN_ABOUT_RETURN_TYPE = YES_ERROR;
				GCC_WARN_UNDECLARED_SELECTOR = YES;
				GCC_WARN_UNINITIALIZED_AUTOS = YES_AGGRESSIVE;
				GCC_WARN_UNUSED_FUNCTION = YES;
				GCC_WARN_UNUSED_VARIABLE = YES;
				IPHONEOS_DEPLOYMENT_TARGET = 16.2;
				MTL_ENABLE_DEBUG_INFO = NO;
				MTL_FAST_MATH = YES;
				SDKROOT = iphoneos;
				SWIFT_COMPILATION_MODE = wholemodule;
				SWIFT_OPTIMIZATION_LEVEL = "-O";
				VALIDATE_PRODUCT = YES;
			};
			name = Release;
		};
		042EEB7929CEC78F0076C1DB /* Debug */ = {
			isa = XCBuildConfiguration;
			buildSettings = {
				ASSETCATALOG_COMPILER_APPICON_NAME = AppIcon;
				ASSETCATALOG_COMPILER_GLOBAL_ACCENT_COLOR_NAME = AccentColor;
				CODE_SIGN_STYLE = Automatic;
				CURRENT_PROJECT_VERSION = 1;
				DEVELOPMENT_TEAM = 8D8Y4CXLPD;
				GENERATE_INFOPLIST_FILE = YES;
				INFOPLIST_FILE = Appstore/Info.plist;
				INFOPLIST_KEY_UIApplicationSupportsIndirectInputEvents = YES;
				INFOPLIST_KEY_UILaunchStoryboardName = LaunchScreen;
				INFOPLIST_KEY_UIMainStoryboardFile = Main;
				INFOPLIST_KEY_UISupportedInterfaceOrientations_iPad = "UIInterfaceOrientationPortrait UIInterfaceOrientationPortraitUpsideDown UIInterfaceOrientationLandscapeLeft UIInterfaceOrientationLandscapeRight";
				INFOPLIST_KEY_UISupportedInterfaceOrientations_iPhone = "UIInterfaceOrientationPortrait UIInterfaceOrientationLandscapeLeft UIInterfaceOrientationLandscapeRight";
				LD_RUNPATH_SEARCH_PATHS = (
					"$(inherited)",
					"@executable_path/Frameworks",
				);
				MARKETING_VERSION = 1.0;
				PRODUCT_BUNDLE_IDENTIFIER = Muminov.Appstore;
				PRODUCT_NAME = "$(TARGET_NAME)";
				SWIFT_EMIT_LOC_STRINGS = YES;
				SWIFT_VERSION = 5.0;
				TARGETED_DEVICE_FAMILY = "1,2";
			};
			name = Debug;
		};
		042EEB7A29CEC78F0076C1DB /* Release */ = {
			isa = XCBuildConfiguration;
			buildSettings = {
				ASSETCATALOG_COMPILER_APPICON_NAME = AppIcon;
				ASSETCATALOG_COMPILER_GLOBAL_ACCENT_COLOR_NAME = AccentColor;
				CODE_SIGN_STYLE = Automatic;
				CURRENT_PROJECT_VERSION = 1;
				DEVELOPMENT_TEAM = 8D8Y4CXLPD;
				GENERATE_INFOPLIST_FILE = YES;
				INFOPLIST_FILE = Appstore/Info.plist;
				INFOPLIST_KEY_UIApplicationSupportsIndirectInputEvents = YES;
				INFOPLIST_KEY_UILaunchStoryboardName = LaunchScreen;
				INFOPLIST_KEY_UIMainStoryboardFile = Main;
				INFOPLIST_KEY_UISupportedInterfaceOrientations_iPad = "UIInterfaceOrientationPortrait UIInterfaceOrientationPortraitUpsideDown UIInterfaceOrientationLandscapeLeft UIInterfaceOrientationLandscapeRight";
				INFOPLIST_KEY_UISupportedInterfaceOrientations_iPhone = "UIInterfaceOrientationPortrait UIInterfaceOrientationLandscapeLeft UIInterfaceOrientationLandscapeRight";
				LD_RUNPATH_SEARCH_PATHS = (
					"$(inherited)",
					"@executable_path/Frameworks",
				);
				MARKETING_VERSION = 1.0;
				PRODUCT_BUNDLE_IDENTIFIER = Muminov.Appstore;
				PRODUCT_NAME = "$(TARGET_NAME)";
				SWIFT_EMIT_LOC_STRINGS = YES;
				SWIFT_VERSION = 5.0;
				TARGETED_DEVICE_FAMILY = "1,2";
			};
			name = Release;
		};
/* End XCBuildConfiguration section */

/* Begin XCConfigurationList section */
		042EEB5F29CEC78E0076C1DB /* Build configuration list for PBXProject "Appstore" */ = {
			isa = XCConfigurationList;
			buildConfigurations = (
				042EEB7629CEC78F0076C1DB /* Debug */,
				042EEB7729CEC78F0076C1DB /* Release */,
			);
			defaultConfigurationIsVisible = 0;
			defaultConfigurationName = Release;
		};
		042EEB7829CEC78F0076C1DB /* Build configuration list for PBXNativeTarget "Appstore" */ = {
			isa = XCConfigurationList;
			buildConfigurations = (
				042EEB7929CEC78F0076C1DB /* Debug */,
				042EEB7A29CEC78F0076C1DB /* Release */,
			);
			defaultConfigurationIsVisible = 0;
			defaultConfigurationName = Release;
		};
/* End XCConfigurationList section */

/* Begin XCRemoteSwiftPackageReference section */
		045F67C829D107F50027AC54 /* XCRemoteSwiftPackageReference "SnapKit" */ = {
			isa = XCRemoteSwiftPackageReference;
			repositoryURL = "https://github.com/SnapKit/SnapKit";
			requirement = {
				branch = develop;
				kind = branch;
			};
		};
/* End XCRemoteSwiftPackageReference section */

/* Begin XCSwiftPackageProductDependency section */
		045F67C929D107F50027AC54 /* SnapKit */ = {
			isa = XCSwiftPackageProductDependency;
			package = 045F67C829D107F50027AC54 /* XCRemoteSwiftPackageReference "SnapKit" */;
			productName = SnapKit;
		};
/* End XCSwiftPackageProductDependency section */
	};
	rootObject = 042EEB5C29CEC78E0076C1DB /* Project object */;
}
